<?xml version="1.0" encoding="utf-8"?>
<Project ToolsVersion="4.0" xmlns="http://schemas.microsoft.com/developer/msbuild/2003">
  <ItemGroup>
    <Filter Include="资源文件">
      <UniqueIdentifier>{67DA6AB6-F800-4c08-8B7A-83BB121AAD01}</UniqueIdentifier>
      <Extensions>rc;ico;cur;bmp;dlg;rc2;rct;bin;rgs;gif;jpg;jpeg;jpe;resx;tiff;tif;png;wav;mfcribbon-ms</Extensions>
    </Filter>
    <Filter Include="src">
      <UniqueIdentifier>{3595639c-883c-428a-bf8d-0a10e50f3841}</UniqueIdentifier>
    </Filter>
    <Filter Include="src\common">
      <UniqueIdentifier>{d3b4c8f9-2f71-422c-8689-18884210fc3d}</UniqueIdentifier>
    </Filter>
    <Filter Include="src\common\net">
      <UniqueIdentifier>{7ab16bc4-8c5c-447d-a082-a17f4e7a00e2}</UniqueIdentifier>
    </Filter>
  </ItemGroup>
  <ItemGroup>
    <ClInclude Include="src\common\net\IoContext.h">
      <Filter>src\common\net</Filter>
    </ClInclude>
    <ClInclude Include="src\common\net\IocpDef.h">
      <Filter>src\common\net</Filter>
    </ClInclude>
    <ClInclude Include="src\common\net\connection.h">
      <Filter>src\common\net</Filter>
    </ClInclude>
    <ClInclude Include="src\common\net\iocpBase.h">
      <Filter>src\common\net</Filter>
    </ClInclude>
  </ItemGroup>
  <ItemGroup>
    <ClCompile Include="src\common\net\IoContext.cpp">
      <Filter>src\common\net</Filter>
    </ClCompile>
    <ClCompile Include="src\common\net\IocpDef.cpp">
      <Filter>src\common\net</Filter>
    </ClCompile>
    <ClCompile Include="src\common\net\connection.cpp">
      <Filter>src\common\net</Filter>
    </ClCompile>
    <ClCompile Include="src\common\net\iocpBase.cpp">
      <Filter>src\common\net</Filter>
    </ClCompile>
  </ItemGroup>
</Project>